
Microsoft Visual Studio Solution File, Format Version 12.00
# Visual Studio 15
VisualStudioVersion = 15.0.28010.0
MinimumVisualStudioVersion = 10.0.40219.1
Project("{FAE04EC0-301F-11D3-BF4B-00C04F79EFBC}") = "ConsoleApp8", "ConsoleApp8\ConsoleApp8.csproj", "{A0879A47-DD75-400E-BAC5-C54DF288BE45}"
EndProject
Global
	GlobalSection(SolutionConfigurationPlatforms) = preSolution
		Debug|Any CPU = Debug|Any CPU
		Release|Any CPU = Release|Any CPU
	EndGlobalSection
	GlobalSection(ProjectConfigurationPlatforms) = postSolution
		{A0879A47-DD75-400E-BAC5-C54DF288BE45}.Debug|Any CPU.ActiveCfg = Debug|Any CPU
		{A0879A47-DD75-400E-BAC5-C54DF288BE45}.Debug|Any CPU.Build.0 = Debug|Any CPU
		{A0879A47-DD75-400E-BAC5-C54DF288BE45}.Release|Any CPU.ActiveCfg = Release|Any CPU
		{A0879A47-DD75-400E-BAC5-C54DF288BE45}.Release|Any CPU.Build.0 = Release|Any CPU
	EndGlobalSection
	GlobalSection(SolutionProperties) = preSolution
		HideSolutionNode = FALSE
	EndGlobalSection
	GlobalSection(ExtensibilityGlobals) = postSolution
		SolutionGuid = {9E6619AF-0E96-4768-AF26-9FE468FA8EB0}
	EndGlobalSection
EndGlobal
