
Microsoft Visual Studio Solution File, Format Version 12.00
# Visual Studio Version 16
VisualStudioVersion = 16.0.31515.178
MinimumVisualStudioVersion = 10.0.40219.1
Project("{FAE04EC0-301F-11D3-BF4B-00C04F79EFBC}") = "RepositoryApp1", "RepositoryApp1\RepositoryApp1.csproj", "{4995D821-E64F-43E6-8DA8-26F4109E7FF8}"
EndProject
Global
	GlobalSection(SolutionConfigurationPlatforms) = preSolution
		Debug|Any CPU = Debug|Any CPU
		Release|Any CPU = Release|Any CPU
	EndGlobalSection
	GlobalSection(ProjectConfigurationPlatforms) = postSolution
		{4995D821-E64F-43E6-8DA8-26F4109E7FF8}.Debug|Any CPU.ActiveCfg = Debug|Any CPU
		{4995D821-E64F-43E6-8DA8-26F4109E7FF8}.Debug|Any CPU.Build.0 = Debug|Any CPU
		{4995D821-E64F-43E6-8DA8-26F4109E7FF8}.Release|Any CPU.ActiveCfg = Release|Any CPU
		{4995D821-E64F-43E6-8DA8-26F4109E7FF8}.Release|Any CPU.Build.0 = Release|Any CPU
	EndGlobalSection
	GlobalSection(SolutionProperties) = preSolution
		HideSolutionNode = FALSE
	EndGlobalSection
	GlobalSection(ExtensibilityGlobals) = postSolution
		SolutionGuid = {FE9E1593-FD1A-45E4-8C2D-69A6422BDA1A}
	EndGlobalSection
EndGlobal
