
Microsoft Visual Studio Solution File, Format Version 12.00
# Visual Studio Version 16
VisualStudioVersion = 16.0.31515.178
MinimumVisualStudioVersion = 10.0.40219.1
Project("{FAE04EC0-301F-11D3-BF4B-00C04F79EFBC}") = "DepInjectByNinject", "DepInjectByNinject\DepInjectByNinject.csproj", "{88340623-8E90-4682-B271-F1AB31087E15}"
EndProject
Global
	GlobalSection(SolutionConfigurationPlatforms) = preSolution
		Debug|Any CPU = Debug|Any CPU
		Release|Any CPU = Release|Any CPU
	EndGlobalSection
	GlobalSection(ProjectConfigurationPlatforms) = postSolution
		{88340623-8E90-4682-B271-F1AB31087E15}.Debug|Any CPU.ActiveCfg = Debug|Any CPU
		{88340623-8E90-4682-B271-F1AB31087E15}.Debug|Any CPU.Build.0 = Debug|Any CPU
		{88340623-8E90-4682-B271-F1AB31087E15}.Release|Any CPU.ActiveCfg = Release|Any CPU
		{88340623-8E90-4682-B271-F1AB31087E15}.Release|Any CPU.Build.0 = Release|Any CPU
	EndGlobalSection
	GlobalSection(SolutionProperties) = preSolution
		HideSolutionNode = FALSE
	EndGlobalSection
	GlobalSection(ExtensibilityGlobals) = postSolution
		SolutionGuid = {A4A63D4B-02D3-46B1-9CE7-5D15DF66C891}
	EndGlobalSection
EndGlobal
