
Microsoft Visual Studio Solution File, Format Version 12.00
# Visual Studio Version 16
VisualStudioVersion = 16.0.30621.155
MinimumVisualStudioVersion = 10.0.40219.1
Project("{FAE04EC0-301F-11D3-BF4B-00C04F79EFBC}") = "AsyncApp1", "AsyncApp1\AsyncApp1.csproj", "{1024DDAD-F3AF-46FE-AA0E-C3DD94CA9397}"
EndProject
Global
	GlobalSection(SolutionConfigurationPlatforms) = preSolution
		Debug|Any CPU = Debug|Any CPU
		Release|Any CPU = Release|Any CPU
	EndGlobalSection
	GlobalSection(ProjectConfigurationPlatforms) = postSolution
		{1024DDAD-F3AF-46FE-AA0E-C3DD94CA9397}.Debug|Any CPU.ActiveCfg = Debug|Any CPU
		{1024DDAD-F3AF-46FE-AA0E-C3DD94CA9397}.Debug|Any CPU.Build.0 = Debug|Any CPU
		{1024DDAD-F3AF-46FE-AA0E-C3DD94CA9397}.Release|Any CPU.ActiveCfg = Release|Any CPU
		{1024DDAD-F3AF-46FE-AA0E-C3DD94CA9397}.Release|Any CPU.Build.0 = Release|Any CPU
	EndGlobalSection
	GlobalSection(SolutionProperties) = preSolution
		HideSolutionNode = FALSE
	EndGlobalSection
	GlobalSection(ExtensibilityGlobals) = postSolution
		SolutionGuid = {018F6D98-72C7-4615-965D-31866A0C7378}
	EndGlobalSection
EndGlobal
