
Microsoft Visual Studio Solution File, Format Version 12.00
# Visual Studio 15
VisualStudioVersion = 15.0.27428.2037
MinimumVisualStudioVersion = 10.0.40219.1
Project("{FAE04EC0-301F-11D3-BF4B-00C04F79EFBC}") = "ConsoleApp2", "ConsoleApp2\ConsoleApp2.csproj", "{8C5B48C0-0065-4F26-B0EF-D3C041C13CFB}"
EndProject
Global
	GlobalSection(SolutionConfigurationPlatforms) = preSolution
		Debug|Any CPU = Debug|Any CPU
		Release|Any CPU = Release|Any CPU
	EndGlobalSection
	GlobalSection(ProjectConfigurationPlatforms) = postSolution
		{8C5B48C0-0065-4F26-B0EF-D3C041C13CFB}.Debug|Any CPU.ActiveCfg = Debug|Any CPU
		{8C5B48C0-0065-4F26-B0EF-D3C041C13CFB}.Debug|Any CPU.Build.0 = Debug|Any CPU
		{8C5B48C0-0065-4F26-B0EF-D3C041C13CFB}.Release|Any CPU.ActiveCfg = Release|Any CPU
		{8C5B48C0-0065-4F26-B0EF-D3C041C13CFB}.Release|Any CPU.Build.0 = Release|Any CPU
	EndGlobalSection
	GlobalSection(SolutionProperties) = preSolution
		HideSolutionNode = FALSE
	EndGlobalSection
	GlobalSection(ExtensibilityGlobals) = postSolution
		SolutionGuid = {5785AF8F-9A26-444C-99C2-9D87BAB4D5B0}
	EndGlobalSection
EndGlobal
