
Microsoft Visual Studio Solution File, Format Version 12.00
# Visual Studio Version 17
VisualStudioVersion = 17.1.32210.238
MinimumVisualStudioVersion = 10.0.40219.1
Project("{9092AA53-FB77-4645-B42D-1CCCA6BD08BD}") = "NodejsWebApp1", "NodejsWebApp1\NodejsWebApp1.njsproj", "{CBFFFE84-31CF-4B26-828E-7F8746B9513C}"
EndProject
Global
	GlobalSection(SolutionConfigurationPlatforms) = preSolution
		Debug|Any CPU = Debug|Any CPU
		Release|Any CPU = Release|Any CPU
	EndGlobalSection
	GlobalSection(ProjectConfigurationPlatforms) = postSolution
		{CBFFFE84-31CF-4B26-828E-7F8746B9513C}.Debug|Any CPU.ActiveCfg = Debug|Any CPU
		{CBFFFE84-31CF-4B26-828E-7F8746B9513C}.Debug|Any CPU.Build.0 = Debug|Any CPU
		{CBFFFE84-31CF-4B26-828E-7F8746B9513C}.Release|Any CPU.ActiveCfg = Release|Any CPU
		{CBFFFE84-31CF-4B26-828E-7F8746B9513C}.Release|Any CPU.Build.0 = Release|Any CPU
	EndGlobalSection
	GlobalSection(SolutionProperties) = preSolution
		HideSolutionNode = FALSE
	EndGlobalSection
	GlobalSection(ExtensibilityGlobals) = postSolution
		SolutionGuid = {2BB6678C-23E3-4204-A334-25A4EE1F46AC}
	EndGlobalSection
EndGlobal
