
Microsoft Visual Studio Solution File, Format Version 12.00
# Visual Studio Version 16
VisualStudioVersion = 16.0.31515.178
MinimumVisualStudioVersion = 10.0.40219.1
Project("{FAE04EC0-301F-11D3-BF4B-00C04F79EFBC}") = "UnitOfWorkApp1", "UnitOfWorkApp1\UnitOfWorkApp1.csproj", "{4AEC37DB-8868-4BFA-AEF1-AF566FD6B3FB}"
EndProject
Global
	GlobalSection(SolutionConfigurationPlatforms) = preSolution
		Debug|Any CPU = Debug|Any CPU
		Release|Any CPU = Release|Any CPU
	EndGlobalSection
	GlobalSection(ProjectConfigurationPlatforms) = postSolution
		{4AEC37DB-8868-4BFA-AEF1-AF566FD6B3FB}.Debug|Any CPU.ActiveCfg = Debug|Any CPU
		{4AEC37DB-8868-4BFA-AEF1-AF566FD6B3FB}.Debug|Any CPU.Build.0 = Debug|Any CPU
		{4AEC37DB-8868-4BFA-AEF1-AF566FD6B3FB}.Release|Any CPU.ActiveCfg = Release|Any CPU
		{4AEC37DB-8868-4BFA-AEF1-AF566FD6B3FB}.Release|Any CPU.Build.0 = Release|Any CPU
	EndGlobalSection
	GlobalSection(SolutionProperties) = preSolution
		HideSolutionNode = FALSE
	EndGlobalSection
	GlobalSection(ExtensibilityGlobals) = postSolution
		SolutionGuid = {DF19B4D7-027B-4EEB-A603-820850E84BBE}
	EndGlobalSection
EndGlobal
