
Microsoft Visual Studio Solution File, Format Version 12.00
# Visual Studio Version 16
VisualStudioVersion = 16.0.30621.155
MinimumVisualStudioVersion = 10.0.40219.1
Project("{9A19103F-16F7-4668-BE54-9A1E7A4F7556}") = "WebAPI", "D:\Repozytorium\Articles-CodeMagazine\2021-03-Code_Magazine-AjaxRestAPIs\WebAPI\WebAPI.csproj", "{BFCB1179-7CEA-49C1-A010-649FEEEB6A6C}"
EndProject
Global
	GlobalSection(SolutionConfigurationPlatforms) = preSolution
		Debug|Any CPU = Debug|Any CPU
		Release|Any CPU = Release|Any CPU
	EndGlobalSection
	GlobalSection(ProjectConfigurationPlatforms) = postSolution
		{BFCB1179-7CEA-49C1-A010-649FEEEB6A6C}.Debug|Any CPU.ActiveCfg = Debug|Any CPU
		{BFCB1179-7CEA-49C1-A010-649FEEEB6A6C}.Debug|Any CPU.Build.0 = Debug|Any CPU
		{BFCB1179-7CEA-49C1-A010-649FEEEB6A6C}.Release|Any CPU.ActiveCfg = Release|Any CPU
		{BFCB1179-7CEA-49C1-A010-649FEEEB6A6C}.Release|Any CPU.Build.0 = Release|Any CPU
	EndGlobalSection
	GlobalSection(SolutionProperties) = preSolution
		HideSolutionNode = FALSE
	EndGlobalSection
	GlobalSection(ExtensibilityGlobals) = postSolution
		SolutionGuid = {2A07F09F-635B-4F18-A254-CA0405D518CB}
	EndGlobalSection
EndGlobal
