
Microsoft Visual Studio Solution File, Format Version 12.00
# Visual Studio 15
VisualStudioVersion = 15.0.28307.489
MinimumVisualStudioVersion = 10.0.40219.1
Project("{FAE04EC0-301F-11D3-BF4B-00C04F79EFBC}") = "Zawracanie-wartosci-przez-delegacje", "Zawracanie-wartosci-przez-delegacje\Zawracanie-wartosci-przez-delegacje.csproj", "{31557CDB-7D07-43C1-B024-027516E12C32}"
EndProject
Global
	GlobalSection(SolutionConfigurationPlatforms) = preSolution
		Debug|Any CPU = Debug|Any CPU
		Release|Any CPU = Release|Any CPU
	EndGlobalSection
	GlobalSection(ProjectConfigurationPlatforms) = postSolution
		{31557CDB-7D07-43C1-B024-027516E12C32}.Debug|Any CPU.ActiveCfg = Debug|Any CPU
		{31557CDB-7D07-43C1-B024-027516E12C32}.Debug|Any CPU.Build.0 = Debug|Any CPU
		{31557CDB-7D07-43C1-B024-027516E12C32}.Release|Any CPU.ActiveCfg = Release|Any CPU
		{31557CDB-7D07-43C1-B024-027516E12C32}.Release|Any CPU.Build.0 = Release|Any CPU
	EndGlobalSection
	GlobalSection(SolutionProperties) = preSolution
		HideSolutionNode = FALSE
	EndGlobalSection
	GlobalSection(ExtensibilityGlobals) = postSolution
		SolutionGuid = {5A85B1FA-D85E-46E7-A44E-1837B2866948}
	EndGlobalSection
EndGlobal
