
Microsoft Visual Studio Solution File, Format Version 12.00
# Visual Studio Version 16
VisualStudioVersion = 16.0.31515.178
MinimumVisualStudioVersion = 10.0.40219.1
Project("{FAE04EC0-301F-11D3-BF4B-00C04F79EFBC}") = "Ordering.API", "Ordering\Ordering.API.csproj", "{E586DD76-9FAC-4573-AAF0-F7E4994945CF}"
EndProject
Project("{FAE04EC0-301F-11D3-BF4B-00C04F79EFBC}") = "Ordering.Infrastructure", "Ordering.Infrastructure\Ordering.Infrastructure.csproj", "{262FE377-292D-411C-9FBA-7C37B4F8ACA8}"
EndProject
Project("{FAE04EC0-301F-11D3-BF4B-00C04F79EFBC}") = "Ordering.Domain", "Ordering.Domain\Ordering.Domain.csproj", "{785AB540-470F-4B63-B69B-0CDB33D539C6}"
EndProject
Project("{2150E333-8FDC-42A3-9474-1A3956D46DE8}") = "Ordering", "Ordering", "{09861286-0B13-4683-9823-5144B2FB17EC}"
EndProject
Global
	GlobalSection(SolutionConfigurationPlatforms) = preSolution
		Debug|Any CPU = Debug|Any CPU
		Release|Any CPU = Release|Any CPU
	EndGlobalSection
	GlobalSection(ProjectConfigurationPlatforms) = postSolution
		{E586DD76-9FAC-4573-AAF0-F7E4994945CF}.Debug|Any CPU.ActiveCfg = Debug|Any CPU
		{E586DD76-9FAC-4573-AAF0-F7E4994945CF}.Debug|Any CPU.Build.0 = Debug|Any CPU
		{E586DD76-9FAC-4573-AAF0-F7E4994945CF}.Release|Any CPU.ActiveCfg = Release|Any CPU
		{E586DD76-9FAC-4573-AAF0-F7E4994945CF}.Release|Any CPU.Build.0 = Release|Any CPU
		{262FE377-292D-411C-9FBA-7C37B4F8ACA8}.Debug|Any CPU.ActiveCfg = Debug|Any CPU
		{262FE377-292D-411C-9FBA-7C37B4F8ACA8}.Debug|Any CPU.Build.0 = Debug|Any CPU
		{262FE377-292D-411C-9FBA-7C37B4F8ACA8}.Release|Any CPU.ActiveCfg = Release|Any CPU
		{262FE377-292D-411C-9FBA-7C37B4F8ACA8}.Release|Any CPU.Build.0 = Release|Any CPU
		{785AB540-470F-4B63-B69B-0CDB33D539C6}.Debug|Any CPU.ActiveCfg = Debug|Any CPU
		{785AB540-470F-4B63-B69B-0CDB33D539C6}.Debug|Any CPU.Build.0 = Debug|Any CPU
		{785AB540-470F-4B63-B69B-0CDB33D539C6}.Release|Any CPU.ActiveCfg = Release|Any CPU
		{785AB540-470F-4B63-B69B-0CDB33D539C6}.Release|Any CPU.Build.0 = Release|Any CPU
	EndGlobalSection
	GlobalSection(SolutionProperties) = preSolution
		HideSolutionNode = FALSE
	EndGlobalSection
	GlobalSection(NestedProjects) = preSolution
		{E586DD76-9FAC-4573-AAF0-F7E4994945CF} = {09861286-0B13-4683-9823-5144B2FB17EC}
		{262FE377-292D-411C-9FBA-7C37B4F8ACA8} = {09861286-0B13-4683-9823-5144B2FB17EC}
		{785AB540-470F-4B63-B69B-0CDB33D539C6} = {09861286-0B13-4683-9823-5144B2FB17EC}
	EndGlobalSection
	GlobalSection(ExtensibilityGlobals) = postSolution
		SolutionGuid = {FDB86904-221E-423D-B816-7F4238E627F6}
	EndGlobalSection
EndGlobal
