
Microsoft Visual Studio Solution File, Format Version 12.00
# Visual Studio Version 16
VisualStudioVersion = 16.0.31515.178
MinimumVisualStudioVersion = 10.0.40219.1
Project("{FAE04EC0-301F-11D3-BF4B-00C04F79EFBC}") = "MiddlewareApp2", "MiddlewareApp2\MiddlewareApp2.csproj", "{8D9B8E28-2CE6-4430-BF50-86BCA5475539}"
EndProject
Global
	GlobalSection(SolutionConfigurationPlatforms) = preSolution
		Debug|Any CPU = Debug|Any CPU
		Release|Any CPU = Release|Any CPU
	EndGlobalSection
	GlobalSection(ProjectConfigurationPlatforms) = postSolution
		{8D9B8E28-2CE6-4430-BF50-86BCA5475539}.Debug|Any CPU.ActiveCfg = Debug|Any CPU
		{8D9B8E28-2CE6-4430-BF50-86BCA5475539}.Debug|Any CPU.Build.0 = Debug|Any CPU
		{8D9B8E28-2CE6-4430-BF50-86BCA5475539}.Release|Any CPU.ActiveCfg = Release|Any CPU
		{8D9B8E28-2CE6-4430-BF50-86BCA5475539}.Release|Any CPU.Build.0 = Release|Any CPU
	EndGlobalSection
	GlobalSection(SolutionProperties) = preSolution
		HideSolutionNode = FALSE
	EndGlobalSection
	GlobalSection(ExtensibilityGlobals) = postSolution
		SolutionGuid = {4EFEBB84-B60C-4C17-90F3-557FDAEFB398}
	EndGlobalSection
EndGlobal
