
Microsoft Visual Studio Solution File, Format Version 12.00
# Visual Studio Version 16
VisualStudioVersion = 16.0.31729.503
MinimumVisualStudioVersion = 10.0.40219.1
Project("{9A19103F-16F7-4668-BE54-9A1E7A4F7556}") = "Logic", "Logic\Logic.csproj", "{1BC1BA8C-EB12-434F-BD90-7031C93DF9B9}"
EndProject
Project("{9A19103F-16F7-4668-BE54-9A1E7A4F7556}") = "Tests", "Tests\Tests.csproj", "{7E274FEF-EE9C-4639-9E12-AF443E86C228}"
EndProject
Project("{FAE04EC0-301F-11D3-BF4B-00C04F79EFBC}") = "SnackMachine.Logic", "SnackMachine.Logic\SnackMachine.Logic.csproj", "{753DA61A-D5ED-47A0-9D37-5B19AE16389F}"
EndProject
Project("{FAE04EC0-301F-11D3-BF4B-00C04F79EFBC}") = "SnackMachine.Tests", "SnackMachine.Tests\SnackMachine.Tests.csproj", "{431A2B50-AD7B-4B7D-A218-2122B811E8BF}"
EndProject
Project("{FAE04EC0-301F-11D3-BF4B-00C04F79EFBC}") = "SnackMachine.UI", "SnackMachine.UI\SnackMachine.UI.csproj", "{C17C3E00-BD3F-4CFE-832B-DF51338C99A8}"
EndProject
Global
	GlobalSection(SolutionConfigurationPlatforms) = preSolution
		Debug|Any CPU = Debug|Any CPU
		Release|Any CPU = Release|Any CPU
	EndGlobalSection
	GlobalSection(ProjectConfigurationPlatforms) = postSolution
		{1BC1BA8C-EB12-434F-BD90-7031C93DF9B9}.Debug|Any CPU.ActiveCfg = Debug|Any CPU
		{1BC1BA8C-EB12-434F-BD90-7031C93DF9B9}.Debug|Any CPU.Build.0 = Debug|Any CPU
		{1BC1BA8C-EB12-434F-BD90-7031C93DF9B9}.Release|Any CPU.ActiveCfg = Release|Any CPU
		{1BC1BA8C-EB12-434F-BD90-7031C93DF9B9}.Release|Any CPU.Build.0 = Release|Any CPU
		{7E274FEF-EE9C-4639-9E12-AF443E86C228}.Debug|Any CPU.ActiveCfg = Debug|Any CPU
		{7E274FEF-EE9C-4639-9E12-AF443E86C228}.Debug|Any CPU.Build.0 = Debug|Any CPU
		{7E274FEF-EE9C-4639-9E12-AF443E86C228}.Release|Any CPU.ActiveCfg = Release|Any CPU
		{7E274FEF-EE9C-4639-9E12-AF443E86C228}.Release|Any CPU.Build.0 = Release|Any CPU
		{753DA61A-D5ED-47A0-9D37-5B19AE16389F}.Debug|Any CPU.ActiveCfg = Debug|Any CPU
		{753DA61A-D5ED-47A0-9D37-5B19AE16389F}.Debug|Any CPU.Build.0 = Debug|Any CPU
		{753DA61A-D5ED-47A0-9D37-5B19AE16389F}.Release|Any CPU.ActiveCfg = Release|Any CPU
		{753DA61A-D5ED-47A0-9D37-5B19AE16389F}.Release|Any CPU.Build.0 = Release|Any CPU
		{431A2B50-AD7B-4B7D-A218-2122B811E8BF}.Debug|Any CPU.ActiveCfg = Debug|Any CPU
		{431A2B50-AD7B-4B7D-A218-2122B811E8BF}.Debug|Any CPU.Build.0 = Debug|Any CPU
		{431A2B50-AD7B-4B7D-A218-2122B811E8BF}.Release|Any CPU.ActiveCfg = Release|Any CPU
		{431A2B50-AD7B-4B7D-A218-2122B811E8BF}.Release|Any CPU.Build.0 = Release|Any CPU
		{C17C3E00-BD3F-4CFE-832B-DF51338C99A8}.Debug|Any CPU.ActiveCfg = Debug|Any CPU
		{C17C3E00-BD3F-4CFE-832B-DF51338C99A8}.Debug|Any CPU.Build.0 = Debug|Any CPU
		{C17C3E00-BD3F-4CFE-832B-DF51338C99A8}.Release|Any CPU.ActiveCfg = Release|Any CPU
		{C17C3E00-BD3F-4CFE-832B-DF51338C99A8}.Release|Any CPU.Build.0 = Release|Any CPU
	EndGlobalSection
	GlobalSection(SolutionProperties) = preSolution
		HideSolutionNode = FALSE
	EndGlobalSection
	GlobalSection(ExtensibilityGlobals) = postSolution
		SolutionGuid = {F75C77A1-6D70-4E51-83BE-43BF9FD03A33}
	EndGlobalSection
EndGlobal
