
Microsoft Visual Studio Solution File, Format Version 12.00
# Visual Studio Version 16
VisualStudioVersion = 16.0.31729.503
MinimumVisualStudioVersion = 10.0.40219.1
Project("{FAE04EC0-301F-11D3-BF4B-00C04F79EFBC}") = "SnackMachineApp.Logic", "SnackMachine.Logic\SnackMachineApp.Logic.csproj", "{753DA61A-D5ED-47A0-9D37-5B19AE16389F}"
EndProject
Project("{FAE04EC0-301F-11D3-BF4B-00C04F79EFBC}") = "SnackMachineApp.UI", "SnackMachine.UI\SnackMachineApp.UI.csproj", "{C17C3E00-BD3F-4CFE-832B-DF51338C99A8}"
EndProject
Project("{FAE04EC0-301F-11D3-BF4B-00C04F79EFBC}") = "SnackMachineApp.Tests", "SnackMachine.Tests\SnackMachineApp.Tests.csproj", "{4F14B9C5-2EB8-4818-A914-2530C1D692B6}"
EndProject
Global
	GlobalSection(SolutionConfigurationPlatforms) = preSolution
		Debug|Any CPU = Debug|Any CPU
		Release|Any CPU = Release|Any CPU
	EndGlobalSection
	GlobalSection(ProjectConfigurationPlatforms) = postSolution
		{753DA61A-D5ED-47A0-9D37-5B19AE16389F}.Debug|Any CPU.ActiveCfg = Debug|Any CPU
		{753DA61A-D5ED-47A0-9D37-5B19AE16389F}.Debug|Any CPU.Build.0 = Debug|Any CPU
		{753DA61A-D5ED-47A0-9D37-5B19AE16389F}.Release|Any CPU.ActiveCfg = Release|Any CPU
		{753DA61A-D5ED-47A0-9D37-5B19AE16389F}.Release|Any CPU.Build.0 = Release|Any CPU
		{C17C3E00-BD3F-4CFE-832B-DF51338C99A8}.Debug|Any CPU.ActiveCfg = Debug|Any CPU
		{C17C3E00-BD3F-4CFE-832B-DF51338C99A8}.Debug|Any CPU.Build.0 = Debug|Any CPU
		{C17C3E00-BD3F-4CFE-832B-DF51338C99A8}.Release|Any CPU.ActiveCfg = Release|Any CPU
		{C17C3E00-BD3F-4CFE-832B-DF51338C99A8}.Release|Any CPU.Build.0 = Release|Any CPU
		{4F14B9C5-2EB8-4818-A914-2530C1D692B6}.Debug|Any CPU.ActiveCfg = Debug|Any CPU
		{4F14B9C5-2EB8-4818-A914-2530C1D692B6}.Debug|Any CPU.Build.0 = Debug|Any CPU
		{4F14B9C5-2EB8-4818-A914-2530C1D692B6}.Release|Any CPU.ActiveCfg = Release|Any CPU
		{4F14B9C5-2EB8-4818-A914-2530C1D692B6}.Release|Any CPU.Build.0 = Release|Any CPU
	EndGlobalSection
	GlobalSection(SolutionProperties) = preSolution
		HideSolutionNode = FALSE
	EndGlobalSection
	GlobalSection(ExtensibilityGlobals) = postSolution
		SolutionGuid = {F75C77A1-6D70-4E51-83BE-43BF9FD03A33}
	EndGlobalSection
EndGlobal
