
Microsoft Visual Studio Solution File, Format Version 12.00
# Visual Studio Version 16
VisualStudioVersion = 16.0.30621.155
MinimumVisualStudioVersion = 10.0.40219.1
Project("{FAE04EC0-301F-11D3-BF4B-00C04F79EFBC}") = "WebApplication3", "WebApplication3\WebApplication3.csproj", "{D4434896-956F-499D-9FE5-7D745F8FD091}"
EndProject
Global
	GlobalSection(SolutionConfigurationPlatforms) = preSolution
		Debug|Any CPU = Debug|Any CPU
		Release|Any CPU = Release|Any CPU
	EndGlobalSection
	GlobalSection(ProjectConfigurationPlatforms) = postSolution
		{D4434896-956F-499D-9FE5-7D745F8FD091}.Debug|Any CPU.ActiveCfg = Debug|Any CPU
		{D4434896-956F-499D-9FE5-7D745F8FD091}.Debug|Any CPU.Build.0 = Debug|Any CPU
		{D4434896-956F-499D-9FE5-7D745F8FD091}.Release|Any CPU.ActiveCfg = Release|Any CPU
		{D4434896-956F-499D-9FE5-7D745F8FD091}.Release|Any CPU.Build.0 = Release|Any CPU
	EndGlobalSection
	GlobalSection(SolutionProperties) = preSolution
		HideSolutionNode = FALSE
	EndGlobalSection
	GlobalSection(ExtensibilityGlobals) = postSolution
		SolutionGuid = {DE025577-002B-427F-8B3B-991748FD045A}
	EndGlobalSection
EndGlobal
