
Microsoft Visual Studio Solution File, Format Version 12.00
# Visual Studio 15
VisualStudioVersion = 15.0.28307.489
MinimumVisualStudioVersion = 10.0.40219.1
Project("{FAE04EC0-301F-11D3-BF4B-00C04F79EFBC}") = "Wywolanie-za-pomoca-delegacji-roznych-metod", "Wywolanie-za-pomoca-delegacji-roznych-metod\Wywolanie-za-pomoca-delegacji-roznych-metod.csproj", "{17162A93-72BA-4164-8357-4629985B6DBF}"
EndProject
Global
	GlobalSection(SolutionConfigurationPlatforms) = preSolution
		Debug|Any CPU = Debug|Any CPU
		Release|Any CPU = Release|Any CPU
	EndGlobalSection
	GlobalSection(ProjectConfigurationPlatforms) = postSolution
		{17162A93-72BA-4164-8357-4629985B6DBF}.Debug|Any CPU.ActiveCfg = Debug|Any CPU
		{17162A93-72BA-4164-8357-4629985B6DBF}.Debug|Any CPU.Build.0 = Debug|Any CPU
		{17162A93-72BA-4164-8357-4629985B6DBF}.Release|Any CPU.ActiveCfg = Release|Any CPU
		{17162A93-72BA-4164-8357-4629985B6DBF}.Release|Any CPU.Build.0 = Release|Any CPU
	EndGlobalSection
	GlobalSection(SolutionProperties) = preSolution
		HideSolutionNode = FALSE
	EndGlobalSection
	GlobalSection(ExtensibilityGlobals) = postSolution
		SolutionGuid = {39C3F86F-48BB-475A-8674-9EADDCCFD61D}
	EndGlobalSection
EndGlobal
